
Microsoft Visual Studio Solution File, Format Version 12.00
# Visual Studio Version 17
VisualStudioVersion = 17.10.34607.79
MinimumVisualStudioVersion = 10.0.40219.1
Project("{FAE04EC0-301F-11D3-BF4B-00C04F79EFBC}") = "MauiApp3", "MauiApp3.csproj", "{66166BD5-990F-4B96-A356-7A51BD7F8AC6}"
EndProject
Global
	GlobalSection(SolutionConfigurationPlatforms) = preSolution
		Debug|Any CPU = Debug|Any CPU
		Release|Any CPU = Release|Any CPU
	EndGlobalSection
	GlobalSection(ProjectConfigurationPlatforms) = postSolution
		{66166BD5-990F-4B96-A356-7A51BD7F8AC6}.Debug|Any CPU.ActiveCfg = Debug|Any CPU
		{66166BD5-990F-4B96-A356-7A51BD7F8AC6}.Debug|Any CPU.Build.0 = Debug|Any CPU
		{66166BD5-990F-4B96-A356-7A51BD7F8AC6}.Debug|Any CPU.Deploy.0 = Debug|Any CPU
		{66166BD5-990F-4B96-A356-7A51BD7F8AC6}.Release|Any CPU.ActiveCfg = Release|Any CPU
		{66166BD5-990F-4B96-A356-7A51BD7F8AC6}.Release|Any CPU.Build.0 = Release|Any CPU
		{66166BD5-990F-4B96-A356-7A51BD7F8AC6}.Release|Any CPU.Deploy.0 = Release|Any CPU
	EndGlobalSection
	GlobalSection(SolutionProperties) = preSolution
		HideSolutionNode = FALSE
	EndGlobalSection
	GlobalSection(ExtensibilityGlobals) = postSolution
		SolutionGuid = {821018B7-EB17-4860-AD7D-981979EDD3E5}
	EndGlobalSection
EndGlobal
